PODS:
  - Flutter (1.0.0)
  - integration_test (0.0.1):
    - Flutter
  - jp_transliterate (0.0.1):
    - Flutter

DEPENDENCIES:
  - Flutter (from `Flutter`)
  - integration_test (from `.symlinks/plugins/integration_test/ios`)
  - jp_transliterate (from `.symlinks/plugins/jp_transliterate/ios`)

EXTERNAL SOURCES:
  Flutter:
    :path: Flutter
  integration_test:
    :path: ".symlinks/plugins/integration_test/ios"
  jp_transliterate:
    :path: ".symlinks/plugins/jp_transliterate/ios"

SPEC CHECKSUMS:
  Flutter: e0871f40cf51350855a761d2e70bf5af5b9b5de7
  integration_test: ce0a3ffa1de96d1a89ca0ac26fca7ea18a749ef4
  jp_transliterate: 7bcc11508e12574d7fcf24d86521e21dd1b162c8

PODFILE CHECKSUM: 819463e6a0290f5a72f145ba7cde16e8b6ef0796

COCOAPODS: 1.15.2
